{
  "pins" : [
    {
      "identity" : "swift-llbuild",
      "kind" : "remoteSourceControl",
      "location" : "https://github.com/apple/swift-llbuild.git",
      "state" : {
        "revision" : "f73b84bc1525998e5e267f9d830c1411487ac65e",
        "version" : "0.2.0"
      }
    },
    {
      "identity" : "swift-package-manager",
      "kind" : "remoteSourceControl",
      "location" : "https://github.com/apple/swift-package-manager.git",
      "state" : {
        "revision" : "9abcc2260438177cecd7cf5185b144d13e74122b",
        "version" : "0.5.0"
      }
    }
  ],
  "version" : 2
}
